// !$*UTF8*$!
{
	archiveVersion = 1;
	classes = {
	};
	objectVersion = 50;
	objects = {

/* Begin PBXBuildFile section */
		3929CE342357A75D00DE9855 /* MiProgloboTableViewController.swift in Sources */ = {isa = PBXBuildFile; fileRef = 3929CE332357A75D00DE9855 /* MiProgloboTableViewController.swift */; };
		3929CE362357B26100DE9855 /* InfoProgloboViewController.swift in Sources */ = {isa = PBXBuildFile; fileRef = 3929CE352357B26100DE9855 /* InfoProgloboViewController.swift */; };
		393943ED234F7A560080827E /* MenuViewController.swift in Sources */ = {isa = PBXBuildFile; fileRef = 393943EC234F7A560080827E /* MenuViewController.swift */; };
		393943EF234F7CAE0080827E /* MapaDesafioViewController.swift in Sources */ = {isa = PBXBuildFile; fileRef = 393943EE234F7CAE0080827E /* MapaDesafioViewController.swift */; };
		393943F1234F7D910080827E /* DesafioSeleccionadoViewController.swift in Sources */ = {isa = PBXBuildFile; fileRef = 393943F0234F7D910080827E /* DesafioSeleccionadoViewController.swift */; };
		39CE62992342936D0064839D /* AppDelegate.swift in Sources */ = {isa = PBXBuildFile; fileRef = 39CE62982342936D0064839D /* AppDelegate.swift */; };
		39CE629B2342936D0064839D /* ViewController.swift in Sources */ = {isa = PBXBuildFile; fileRef = 39CE629A2342936D0064839D /* ViewController.swift */; };
		39CE629E2342936D0064839D /* Main.storyboard in Resources */ = {isa = PBXBuildFile; fileRef = 39CE629C2342936D0064839D /* Main.storyboard */; };
		39CE62A02342936E0064839D /* Assets.xcassets in Resources */ = {isa = PBXBuildFile; fileRef = 39CE629F2342936E0064839D /* Assets.xcassets */; };
		39CE62A32342936E0064839D /* LaunchScreen.storyboard in Resources */ = {isa = PBXBuildFile; fileRef = 39CE62A12342936E0064839D /* LaunchScreen.storyboard */; };
		39D96C2523577C53006C58AD /* ModoCreativoViewController.swift in Sources */ = {isa = PBXBuildFile; fileRef = 39D96C2423577C53006C58AD /* ModoCreativoViewController.swift */; };
		39D96C28235780DC006C58AD /* MisEscenariosViewController.swift in Sources */ = {isa = PBXBuildFile; fileRef = 39D96C27235780DC006C58AD /* MisEscenariosViewController.swift */; };
		39D96C2A235781A2006C58AD /* CreaTuEscenarioViewController.swift in Sources */ = {isa = PBXBuildFile; fileRef = 39D96C29235781A2006C58AD /* CreaTuEscenarioViewController.swift */; };
		39D96C2E23578365006C58AD /* InfoDesafioLocalViewController.swift in Sources */ = {isa = PBXBuildFile; fileRef = 39D96C2D23578365006C58AD /* InfoDesafioLocalViewController.swift */; };
		39D96C3223578A4F006C58AD /* ListaDesafiosViewController.swift in Sources */ = {isa = PBXBuildFile; fileRef = 39D96C3123578A4F006C58AD /* ListaDesafiosViewController.swift */; };
		39D96C3423578B54006C58AD /* CamaraScanViewController.swift in Sources */ = {isa = PBXBuildFile; fileRef = 39D96C3323578B54006C58AD /* CamaraScanViewController.swift */; };
		39D96C3623578BBF006C58AD /* EmpezarARViewController.swift in Sources */ = {isa = PBXBuildFile; fileRef = 39D96C3523578BBF006C58AD /* EmpezarARViewController.swift */; };
		39D96C3823578C0F006C58AD /* ARCompletadoViewController.swift in Sources */ = {isa = PBXBuildFile; fileRef = 39D96C3723578C0F006C58AD /* ARCompletadoViewController.swift */; };
		39D96C3A23579154006C58AD /* TutorialViewController.swift in Sources */ = {isa = PBXBuildFile; fileRef = 39D96C3923579154006C58AD /* TutorialViewController.swift */; };
		39D96C3C235793E6006C58AD /* MiProgloboViewController.swift in Sources */ = {isa = PBXBuildFile; fileRef = 39D96C3B235793E6006C58AD /* MiProgloboViewController.swift */; };
		39D96C3E2357959E006C58AD /* CreditoViewController.swift in Sources */ = {isa = PBXBuildFile; fileRef = 39D96C3D2357959E006C58AD /* CreditoViewController.swift */; };
/* End PBXBuildFile section */

/* Begin PBXFileReference section */
		3929CE332357A75D00DE9855 /* MiProgloboTableViewController.swift */ = {isa = PBXFileReference; lastKnownFileType = sourcecode.swift; path = MiProgloboTableViewController.swift; sourceTree = "<group>"; };
		3929CE352357B26100DE9855 /* InfoProgloboViewController.swift */ = {isa = PBXFileReference; lastKnownFileType = sourcecode.swift; path = InfoProgloboViewController.swift; sourceTree = "<group>"; };
		393943EC234F7A560080827E /* MenuViewController.swift */ = {isa = PBXFileReference; lastKnownFileType = sourcecode.swift; path = MenuViewController.swift; sourceTree = "<group>"; };
		393943EE234F7CAE0080827E /* MapaDesafioViewController.swift */ = {isa = PBXFileReference; lastKnownFileType = sourcecode.swift; path = MapaDesafioViewController.swift; sourceTree = "<group>"; };
		393943F0234F7D910080827E /* DesafioSeleccionadoViewController.swift */ = {isa = PBXFileReference; lastKnownFileType = sourcecode.swift; path = DesafioSeleccionadoViewController.swift; sourceTree = "<group>"; };
		39CE62952342936D0064839D /* write.Code.app */ = {isa = PBXFileReference; explicitFileType = wrapper.application; includeInIndex = 0; path = write.Code.app; sourceTree = BUILT_PRODUCTS_DIR; };
		39CE62982342936D0064839D /* AppDelegate.swift */ = {isa = PBXFileReference; lastKnownFileType = sourcecode.swift; path = AppDelegate.swift; sourceTree = "<group>"; };
		39CE629A2342936D0064839D /* ViewController.swift */ = {isa = PBXFileReference; lastKnownFileType = sourcecode.swift; path = ViewController.swift; sourceTree = "<group>"; };
		39CE629D2342936D0064839D /* Base */ = {isa = PBXFileReference; lastKnownFileType = file.storyboard; name = Base; path = Base.lproj/Main.storyboard; sourceTree = "<group>"; };
		39CE629F2342936E0064839D /* Assets.xcassets */ = {isa = PBXFileReference; lastKnownFileType = folder.assetcatalog; path = Assets.xcassets; sourceTree = "<group>"; };
		39CE62A22342936E0064839D /* Base */ = {isa = PBXFileReference; lastKnownFileType = file.storyboard; name = Base; path = Base.lproj/LaunchScreen.storyboard; sourceTree = "<group>"; };
		39CE62A42342936E0064839D /* Info.plist */ = {isa = PBXFileReference; lastKnownFileType = text.plist.xml; path = Info.plist; sourceTree = "<group>"; };
		39D96C2423577C53006C58AD /* ModoCreativoViewController.swift */ = {isa = PBXFileReference; lastKnownFileType = sourcecode.swift; path = ModoCreativoViewController.swift; sourceTree = "<group>"; };
		39D96C27235780DC006C58AD /* MisEscenariosViewController.swift */ = {isa = PBXFileReference; lastKnownFileType = sourcecode.swift; path = MisEscenariosViewController.swift; sourceTree = "<group>"; };
		39D96C29235781A2006C58AD /* CreaTuEscenarioViewController.swift */ = {isa = PBXFileReference; lastKnownFileType = sourcecode.swift; path = CreaTuEscenarioViewController.swift; sourceTree = "<group>"; };
		39D96C2D23578365006C58AD /* InfoDesafioLocalViewController.swift */ = {isa = PBXFileReference; lastKnownFileType = sourcecode.swift; path = InfoDesafioLocalViewController.swift; sourceTree = "<group>"; };
		39D96C3123578A4F006C58AD /* ListaDesafiosViewController.swift */ = {isa = PBXFileReference; lastKnownFileType = sourcecode.swift; path = ListaDesafiosViewController.swift; sourceTree = "<group>"; };
		39D96C3323578B54006C58AD /* CamaraScanViewController.swift */ = {isa = PBXFileReference; lastKnownFileType = sourcecode.swift; path = CamaraScanViewController.swift; sourceTree = "<group>"; };
		39D96C3523578BBF006C58AD /* EmpezarARViewController.swift */ = {isa = PBXFileReference; lastKnownFileType = sourcecode.swift; path = EmpezarARViewController.swift; sourceTree = "<group>"; };
		39D96C3723578C0F006C58AD /* ARCompletadoViewController.swift */ = {isa = PBXFileReference; lastKnownFileType = sourcecode.swift; path = ARCompletadoViewController.swift; sourceTree = "<group>"; };
		39D96C3923579154006C58AD /* TutorialViewController.swift */ = {isa = PBXFileReference; lastKnownFileType = sourcecode.swift; path = TutorialViewController.swift; sourceTree = "<group>"; };
		39D96C3B235793E6006C58AD /* MiProgloboViewController.swift */ = {isa = PBXFileReference; lastKnownFileType = sourcecode.swift; path = MiProgloboViewController.swift; sourceTree = "<group>"; };
		39D96C3D2357959E006C58AD /* CreditoViewController.swift */ = {isa = PBXFileReference; lastKnownFileType = sourcecode.swift; path = CreditoViewController.swift; sourceTree = "<group>"; };
/* End PBXFileReference section */

/* Begin PBXFrameworksBuildPhase section */
		39CE62922342936D0064839D /* Frameworks */ = {
			isa = PBXFrameworksBuildPhase;
			buildActionMask = 2147483647;
			files = (
			);
			runOnlyForDeploymentPostprocessing = 0;
		};
/* End PBXFrameworksBuildPhase section */

/* Begin PBXGroup section */
		39CE628C2342936D0064839D = {
			isa = PBXGroup;
			children = (
				39CE62972342936D0064839D /* write.Code */,
				39CE62962342936D0064839D /* Products */,
			);
			sourceTree = "<group>";
		};
		39CE62962342936D0064839D /* Products */ = {
			isa = PBXGroup;
			children = (
				39CE62952342936D0064839D /* write.Code.app */,
			);
			name = Products;
			sourceTree = "<group>";
		};
		39CE62972342936D0064839D /* write.Code */ = {
			isa = PBXGroup;
			children = (
				39CE62982342936D0064839D /* AppDelegate.swift */,
				39CE629A2342936D0064839D /* ViewController.swift */,
				39CE629C2342936D0064839D /* Main.storyboard */,
				39CE629F2342936E0064839D /* Assets.xcassets */,
				39CE62A12342936E0064839D /* LaunchScreen.storyboard */,
				39CE62A42342936E0064839D /* Info.plist */,
				393943EC234F7A560080827E /* MenuViewController.swift */,
				393943EE234F7CAE0080827E /* MapaDesafioViewController.swift */,
				393943F0234F7D910080827E /* DesafioSeleccionadoViewController.swift */,
				39D96C2423577C53006C58AD /* ModoCreativoViewController.swift */,
				39D96C27235780DC006C58AD /* MisEscenariosViewController.swift */,
				39D96C29235781A2006C58AD /* CreaTuEscenarioViewController.swift */,
				39D96C2D23578365006C58AD /* InfoDesafioLocalViewController.swift */,
				39D96C3123578A4F006C58AD /* ListaDesafiosViewController.swift */,
				39D96C3323578B54006C58AD /* CamaraScanViewController.swift */,
				39D96C3523578BBF006C58AD /* EmpezarARViewController.swift */,
				39D96C3723578C0F006C58AD /* ARCompletadoViewController.swift */,
				39D96C3923579154006C58AD /* TutorialViewController.swift */,
				39D96C3D2357959E006C58AD /* CreditoViewController.swift */,
				3929CE332357A75D00DE9855 /* MiProgloboTableViewController.swift */,
				39D96C3B235793E6006C58AD /* MiProgloboViewController.swift */,
				3929CE352357B26100DE9855 /* InfoProgloboViewController.swift */,
			);
			path = write.Code;
			sourceTree = "<group>";
		};
/* End PBXGroup section */

/* Begin PBXNativeTarget section */
		39CE62942342936D0064839D /* write.Code */ = {
			isa = PBXNativeTarget;
			buildConfigurationList = 39CE62A72342936E0064839D /* Build configuration list for PBXNativeTarget "write.Code" */;
			buildPhases = (
				39CE62912342936D0064839D /* Sources */,
				39CE62922342936D0064839D /* Frameworks */,
				39CE62932342936D0064839D /* Resources */,
			);
			buildRules = (
			);
			dependencies = (
			);
			name = write.Code;
			productName = write.Code;
			productReference = 39CE62952342936D0064839D /* write.Code.app */;
			productType = "com.apple.product-type.application";
		};
/* End PBXNativeTarget section */

/* Begin PBXProject section */
		39CE628D2342936D0064839D /* Project object */ = {
			isa = PBXProject;
			attributes = {
				LastSwiftUpdateCheck = 1030;
				LastUpgradeCheck = 1030;
				ORGANIZATIONNAME = FernandoRios;
				TargetAttributes = {
					39CE62942342936D0064839D = {
						CreatedOnToolsVersion = 10.3;
					};
				};
			};
			buildConfigurationList = 39CE62902342936D0064839D /* Build configuration list for PBXProject "write.Code" */;
			compatibilityVersion = "Xcode 9.3";
			developmentRegion = en;
			hasScannedForEncodings = 0;
			knownRegions = (
				en,
				Base,
			);
			mainGroup = 39CE628C2342936D0064839D;
			productRefGroup = 39CE62962342936D0064839D /* Products */;
			projectDirPath = "";
			projectRoot = "";
			targets = (
				39CE62942342936D0064839D /* write.Code */,
			);
		};
/* End PBXProject section */

/* Begin PBXResourcesBuildPhase section */
		39CE62932342936D0064839D /* Resources */ = {
			isa = PBXResourcesBuildPhase;
			buildActionMask = 2147483647;
			files = (
				39CE62A32342936E0064839D /* LaunchScreen.storyboard in Resources */,
				39CE62A02342936E0064839D /* Assets.xcassets in Resources */,
				39CE629E2342936D0064839D /* Main.storyboard in Resources */,
			);
			runOnlyForDeploymentPostprocessing = 0;
		};
/* End PBXResourcesBuildPhase section */

/* Begin PBXSourcesBuildPhase section */
		39CE62912342936D0064839D /* Sources */ = {
			isa = PBXSourcesBuildPhase;
			buildActionMask = 2147483647;
			files = (
				39D96C2523577C53006C58AD /* ModoCreativoViewController.swift in Sources */,
				39CE629B2342936D0064839D /* ViewController.swift in Sources */,
				39D96C2A235781A2006C58AD /* CreaTuEscenarioViewController.swift in Sources */,
				393943ED234F7A560080827E /* MenuViewController.swift in Sources */,
				39D96C3423578B54006C58AD /* CamaraScanViewController.swift in Sources */,
				3929CE342357A75D00DE9855 /* MiProgloboTableViewController.swift in Sources */,
				39CE62992342936D0064839D /* AppDelegate.swift in Sources */,
				39D96C28235780DC006C58AD /* MisEscenariosViewController.swift in Sources */,
				39D96C3C235793E6006C58AD /* MiProgloboViewController.swift in Sources */,
				39D96C3823578C0F006C58AD /* ARCompletadoViewController.swift in Sources */,
				39D96C3A23579154006C58AD /* TutorialViewController.swift in Sources */,
				39D96C3223578A4F006C58AD /* ListaDesafiosViewController.swift in Sources */,
				3929CE362357B26100DE9855 /* InfoProgloboViewController.swift in Sources */,
				393943F1234F7D910080827E /* DesafioSeleccionadoViewController.swift in Sources */,
				39D96C2E23578365006C58AD /* InfoDesafioLocalViewController.swift in Sources */,
				39D96C3623578BBF006C58AD /* EmpezarARViewController.swift in Sources */,
				393943EF234F7CAE0080827E /* MapaDesafioViewController.swift in Sources */,
				39D96C3E2357959E006C58AD /* CreditoViewController.swift in Sources */,
			);
			runOnlyForDeploymentPostprocessing = 0;
		};
/* End PBXSourcesBuildPhase section */

/* Begin PBXVariantGroup section */
		39CE629C2342936D0064839D /* Main.storyboard */ = {
			isa = PBXVariantGroup;
			children = (
				39CE629D2342936D0064839D /* Base */,
			);
			name = Main.storyboard;
			sourceTree = "<group>";
		};
		39CE62A12342936E0064839D /* LaunchScreen.storyboard */ = {
			isa = PBXVariantGroup;
			children = (
				39CE62A22342936E0064839D /* Base */,
			);
			name = LaunchScreen.storyboard;
			sourceTree = "<group>";
		};
/* End PBXVariantGroup section */

/* Begin XCBuildConfiguration section */
		39CE62A52342936E0064839D /* Debug */ = {
			isa = XCBuildConfiguration;
			buildSettings = {
				ALWAYS_SEARCH_USER_PATHS = NO;
				CLANG_ANALYZER_NONNULL = YES;
				CLANG_ANALYZER_NUMBER_OBJECT_CONVERSION = YES_AGGRESSIVE;
				CLANG_CXX_LANGUAGE_STANDARD = "gnu++14";
				CLANG_CXX_LIBRARY = "libc++";
				CLANG_ENABLE_MODULES = YES;
				CLANG_ENABLE_OBJC_ARC = YES;
				CLANG_ENABLE_OBJC_WEAK = YES;
				CLANG_WARN_BLOCK_CAPTURE_AUTORELEASING = YES;
				CLANG_WARN_BOOL_CONVERSION = YES;
				CLANG_WARN_COMMA = YES;
				CLANG_WARN_CONSTANT_CONVERSION = YES;
				CLANG_WARN_DEPRECATED_OBJC_IMPLEMENTATIONS = YES;
				CLANG_WARN_DIRECT_OBJC_ISA_USAGE = YES_ERROR;
				CLANG_WARN_DOCUMENTATION_COMMENTS = YES;
				CLANG_WARN_EMPTY_BODY = YES;
				CLANG_WARN_ENUM_CONVERSION = YES;
				CLANG_WARN_INFINITE_RECURSION = YES;
				CLANG_WARN_INT_CONVERSION = YES;
				CLANG_WARN_NON_LITERAL_NULL_CONVERSION = YES;
				CLANG_WARN_OBJC_IMPLICIT_RETAIN_SELF = YES;
				CLANG_WARN_OBJC_LITERAL_CONVERSION = YES;
				CLANG_WARN_OBJC_ROOT_CLASS = YES_ERROR;
				CLANG_WARN_RANGE_LOOP_ANALYSIS = YES;
				CLANG_WARN_STRICT_PROTOTYPES = YES;
				CLANG_WARN_SUSPICIOUS_MOVE = YES;
				CLANG_WARN_UNGUARDED_AVAILABILITY = YES_AGGRESSIVE;
				CLANG_WARN_UNREACHABLE_CODE = YES;
				CLANG_WARN__DUPLICATE_METHOD_MATCH = YES;
				CODE_SIGN_IDENTITY = "iPhone Developer";
				COPY_PHASE_STRIP = NO;
				DEBUG_INFORMATION_FORMAT = dwarf;
				ENABLE_STRICT_OBJC_MSGSEND = YES;
				ENABLE_TESTABILITY = YES;
				GCC_C_LANGUAGE_STANDARD = gnu11;
				GCC_DYNAMIC_NO_PIC = NO;
				GCC_NO_COMMON_BLOCKS = YES;
				GCC_OPTIMIZATION_LEVEL = 0;
				GCC_PREPROCESSOR_DEFINITIONS = (
					"DEBUG=1",
					"$(inherited)",
				);
				GCC_WARN_64_TO_32_BIT_CONVERSION = YES;
				GCC_WARN_ABOUT_RETURN_TYPE = YES_ERROR;
				GCC_WARN_UNDECLARED_SELECTOR = YES;
				GCC_WARN_UNINITIALIZED_AUTOS = YES_AGGRESSIVE;
				GCC_WARN_UNUSED_FUNCTION = YES;
				GCC_WARN_UNUSED_VARIABLE = YES;
				IPHONEOS_DEPLOYMENT_TARGET = 12.4;
				MTL_ENABLE_DEBUG_INFO = INCLUDE_SOURCE;
				MTL_FAST_MATH = YES;
				ONLY_ACTIVE_ARCH = YES;
				SDKROOT = iphoneos;
				SWIFT_ACTIVE_COMPILATION_CONDITIONS = DEBUG;
				SWIFT_OPTIMIZATION_LEVEL = "-Onone";
			};
			name = Debug;
		};
		39CE62A62342936E0064839D /* Release */ = {
			isa = XCBuildConfiguration;
			buildSettings = {
				ALWAYS_SEARCH_USER_PATHS = NO;
				CLANG_ANALYZER_NONNULL = YES;
				CLANG_ANALYZER_NUMBER_OBJECT_CONVERSION = YES_AGGRESSIVE;
				CLANG_CXX_LANGUAGE_STANDARD = "gnu++14";
				CLANG_CXX_LIBRARY = "libc++";
				CLANG_ENABLE_MODULES = YES;
				CLANG_ENABLE_OBJC_ARC = YES;
				CLANG_ENABLE_OBJC_WEAK = YES;
				CLANG_WARN_BLOCK_CAPTURE_AUTORELEASING = YES;
				CLANG_WARN_BOOL_CONVERSION = YES;
				CLANG_WARN_COMMA = YES;
				CLANG_WARN_CONSTANT_CONVERSION = YES;
				CLANG_WARN_DEPRECATED_OBJC_IMPLEMENTATIONS = YES;
				CLANG_WARN_DIRECT_OBJC_ISA_USAGE = YES_ERROR;
				CLANG_WARN_DOCUMENTATION_COMMENTS = YES;
				CLANG_WARN_EMPTY_BODY = YES;
				CLANG_WARN_ENUM_CONVERSION = YES;
				CLANG_WARN_INFINITE_RECURSION = YES;
				CLANG_WARN_INT_CONVERSION = YES;
				CLANG_WARN_NON_LITERAL_NULL_CONVERSION = YES;
				CLANG_WARN_OBJC_IMPLICIT_RETAIN_SELF = YES;
				CLANG_WARN_OBJC_LITERAL_CONVERSION = YES;
				CLANG_WARN_OBJC_ROOT_CLASS = YES_ERROR;
				CLANG_WARN_RANGE_LOOP_ANALYSIS = YES;
				CLANG_WARN_STRICT_PROTOTYPES = YES;
				CLANG_WARN_SUSPICIOUS_MOVE = YES;
				CLANG_WARN_UNGUARDED_AVAILABILITY = YES_AGGRESSIVE;
				CLANG_WARN_UNREACHABLE_CODE = YES;
				CLANG_WARN__DUPLICATE_METHOD_MATCH = YES;
				CODE_SIGN_IDENTITY = "iPhone Developer";
				COPY_PHASE_STRIP = NO;
				DEBUG_INFORMATION_FORMAT = "dwarf-with-dsym";
				ENABLE_NS_ASSERTIONS = NO;
				ENABLE_STRICT_OBJC_MSGSEND = YES;
				GCC_C_LANGUAGE_STANDARD = gnu11;
				GCC_NO_COMMON_BLOCKS = YES;
				GCC_WARN_64_TO_32_BIT_CONVERSION = YES;
				GCC_WARN_ABOUT_RETURN_TYPE = YES_ERROR;
				GCC_WARN_UNDECLARED_SELECTOR = YES;
				GCC_WARN_UNINITIALIZED_AUTOS = YES_AGGRESSIVE;
				GCC_WARN_UNUSED_FUNCTION = YES;
				GCC_WARN_UNUSED_VARIABLE = YES;
				IPHONEOS_DEPLOYMENT_TARGET = 12.4;
				MTL_ENABLE_DEBUG_INFO = NO;
				MTL_FAST_MATH = YES;
				SDKROOT = iphoneos;
				SWIFT_COMPILATION_MODE = wholemodule;
				SWIFT_OPTIMIZATION_LEVEL = "-O";
				VALIDATE_PRODUCT = YES;
			};
			name = Release;
		};
		39CE62A82342936E0064839D /* Debug */ = {
			isa = XCBuildConfiguration;
			buildSettings = {
				ASSETCATALOG_COMPILER_APPICON_NAME = AppIcon;
				CODE_SIGN_STYLE = Automatic;
				DEVELOPMENT_TEAM = 6GZB9FZT34;
				INFOPLIST_FILE = write.Code/Info.plist;
				IPHONEOS_DEPLOYMENT_TARGET = 13.0;
				LD_RUNPATH_SEARCH_PATHS = (
					"$(inherited)",
					"@executable_path/Frameworks",
				);
				PRODUCT_BUNDLE_IDENTIFIER = "mx.FernandoRios.write-Code";
				PRODUCT_NAME = "$(TARGET_NAME)";
				SWIFT_VERSION = 5.0;
				TARGETED_DEVICE_FAMILY = "1,2";
			};
			name = Debug;
		};
		39CE62A92342936E0064839D /* Release */ = {
			isa = XCBuildConfiguration;
			buildSettings = {
				ASSETCATALOG_COMPILER_APPICON_NAME = AppIcon;
				CODE_SIGN_STYLE = Automatic;
				DEVELOPMENT_TEAM = 6GZB9FZT34;
				INFOPLIST_FILE = write.Code/Info.plist;
				IPHONEOS_DEPLOYMENT_TARGET = 13.0;
				LD_RUNPATH_SEARCH_PATHS = (
					"$(inherited)",
					"@executable_path/Frameworks",
				);
				PRODUCT_BUNDLE_IDENTIFIER = "mx.FernandoRios.write-Code";
				PRODUCT_NAME = "$(TARGET_NAME)";
				SWIFT_VERSION = 5.0;
				TARGETED_DEVICE_FAMILY = "1,2";
			};
			name = Release;
		};
/* End XCBuildConfiguration section */

/* Begin XCConfigurationList section */
		39CE62902342936D0064839D /* Build configuration list for PBXProject "write.Code" */ = {
			isa = XCConfigurationList;
			buildConfigurations = (
				39CE62A52342936E0064839D /* Debug */,
				39CE62A62342936E0064839D /* Release */,
			);
			defaultConfigurationIsVisible = 0;
			defaultConfigurationName = Release;
		};
		39CE62A72342936E0064839D /* Build configuration list for PBXNativeTarget "write.Code" */ = {
			isa = XCConfigurationList;
			buildConfigurations = (
				39CE62A82342936E0064839D /* Debug */,
				39CE62A92342936E0064839D /* Release */,
			);
			defaultConfigurationIsVisible = 0;
			defaultConfigurationName = Release;
		};
/* End XCConfigurationList section */
	};
	rootObject = 39CE628D2342936D0064839D /* Project object */;
}
